{
  "name": "baymax",
  "version": "1.0.0",
  "lockfileVersion": 3,
  "requires": true,
  "packages": {
    "": {
      "name": "baymax",
      "version": "1.0.0",
      "license": "ISC",
      "dependencies": {
        "baymax": "file:",
        "Baymax": "file:"
      }
    },
    "node_modules/Baymax": {
      "resolved": "",
      "link": true
    }
  }
}
